
Microsoft Visual Studio Solution File, Format Version 12.00
# Visual Studio Version 16
VisualStudioVersion = 16.0.30717.126
MinimumVisualStudioVersion = 10.0.40219.1
Project("{FAE04EC0-301F-11D3-BF4B-00C04F79EFBC}") = "Auto Configuration", "Auto Configuration\Auto Configuration.csproj", "{16542B49-8E77-48AB-B3FD-086A68AFC1A7}"
EndProject
Global
	GlobalSection(SolutionConfigurationPlatforms) = preSolution
		Debug|Any CPU = Debug|Any CPU
		Release|Any CPU = Release|Any CPU
	EndGlobalSection
	GlobalSection(ProjectConfigurationPlatforms) = postSolution
		{16542B49-8E77-48AB-B3FD-086A68AFC1A7}.Debug|Any CPU.ActiveCfg = Debug|Any CPU
		{16542B49-8E77-48AB-B3FD-086A68AFC1A7}.Debug|Any CPU.Build.0 = Debug|Any CPU
		{16542B49-8E77-48AB-B3FD-086A68AFC1A7}.Release|Any CPU.ActiveCfg = Release|Any CPU
		{16542B49-8E77-48AB-B3FD-086A68AFC1A7}.Release|Any CPU.Build.0 = Release|Any CPU
	EndGlobalSection
	GlobalSection(SolutionProperties) = preSolution
		HideSolutionNode = FALSE
	EndGlobalSection
	GlobalSection(ExtensibilityGlobals) = postSolution
		SolutionGuid = {5DC56842-A18D-49C5-8B34-B3836766D171}
	EndGlobalSection
EndGlobal
